
Microsoft Visual Studio Solution File, Format Version 12.00
# Visual Studio 2013
VisualStudioVersion = 12.0.40629.0
MinimumVisualStudioVersion = 10.0.40219.1
Project("{8BC9CEB8-8B4A-11D0-8D11-00A0C91BC942}") = "P02", "P02\P02.vcxproj", "{9376AB57-D231-426F-91CA-CBD22FB69123}"
EndProject
Project("{8BC9CEB8-8B4A-11D0-8D11-00A0C91BC942}") = "P06", "P06\P06.vcxproj", "{FF140FFB-ABD6-4076-A0FC-7F9A1606C60C}"
EndProject
Project("{8BC9CEB8-8B4A-11D0-8D11-00A0C91BC942}") = "P10", "P10\P10.vcxproj", "{617DCB60-C6F9-4E36-8E03-BF61DB6BF5CA}"
EndProject
Project("{8BC9CEB8-8B4A-11D0-8D11-00A0C91BC942}") = "P14", "P14\P14.vcxproj", "{DF62AE62-62B9-44FB-ABCF-AC722712D17E}"
EndProject
Project("{8BC9CEB8-8B4A-11D0-8D11-00A0C91BC942}") = "P18", "P18\P18.vcxproj", "{BE7A2F11-3BE0-4DFE-8AF0-38C0D5E7DF9C}"
EndProject
Project("{8BC9CEB8-8B4A-11D0-8D11-00A0C91BC942}") = "P22", "P22\P22.vcxproj", "{BE763C3D-CF57-45D5-B498-AA7446E1CB1D}"
EndProject
Project("{8BC9CEB8-8B4A-11D0-8D11-00A0C91BC942}") = "P26", "P26\P26.vcxproj", "{C7762094-470B-4966-967C-BA133E6F87EC}"
EndProject
Project("{8BC9CEB8-8B4A-11D0-8D11-00A0C91BC942}") = "P30", "P30\P30.vcxproj", "{766381D3-5293-4268-A263-755CDD5F8F15}"
EndProject
Project("{8BC9CEB8-8B4A-11D0-8D11-00A0C91BC942}") = "P34", "P34\P34.vcxproj", "{204E39F3-B202-4596-9DA6-4D40CB44FD3D}"
EndProject
Project("{8BC9CEB8-8B4A-11D0-8D11-00A0C91BC942}") = "P38", "P38\P38.vcxproj", "{B42AAF16-9897-4521-860B-CDDDC2CBBABD}"
EndProject
Global
	GlobalSection(SolutionConfigurationPlatforms) = preSolution
		Debug|Win32 = Debug|Win32
		Release|Win32 = Release|Win32
	EndGlobalSection
	GlobalSection(ProjectConfigurationPlatforms) = postSolution
		{9376AB57-D231-426F-91CA-CBD22FB69123}.Debug|Win32.ActiveCfg = Debug|Win32
		{9376AB57-D231-426F-91CA-CBD22FB69123}.Debug|Win32.Build.0 = Debug|Win32
		{9376AB57-D231-426F-91CA-CBD22FB69123}.Release|Win32.ActiveCfg = Release|Win32
		{9376AB57-D231-426F-91CA-CBD22FB69123}.Release|Win32.Build.0 = Release|Win32
		{FF140FFB-ABD6-4076-A0FC-7F9A1606C60C}.Debug|Win32.ActiveCfg = Debug|Win32
		{FF140FFB-ABD6-4076-A0FC-7F9A1606C60C}.Debug|Win32.Build.0 = Debug|Win32
		{FF140FFB-ABD6-4076-A0FC-7F9A1606C60C}.Release|Win32.ActiveCfg = Release|Win32
		{FF140FFB-ABD6-4076-A0FC-7F9A1606C60C}.Release|Win32.Build.0 = Release|Win32
		{617DCB60-C6F9-4E36-8E03-BF61DB6BF5CA}.Debug|Win32.ActiveCfg = Debug|Win32
		{617DCB60-C6F9-4E36-8E03-BF61DB6BF5CA}.Debug|Win32.Build.0 = Debug|Win32
		{617DCB60-C6F9-4E36-8E03-BF61DB6BF5CA}.Release|Win32.ActiveCfg = Release|Win32
		{617DCB60-C6F9-4E36-8E03-BF61DB6BF5CA}.Release|Win32.Build.0 = Release|Win32
		{DF62AE62-62B9-44FB-ABCF-AC722712D17E}.Debug|Win32.ActiveCfg = Debug|Win32
		{DF62AE62-62B9-44FB-ABCF-AC722712D17E}.Debug|Win32.Build.0 = Debug|Win32
		{DF62AE62-62B9-44FB-ABCF-AC722712D17E}.Release|Win32.ActiveCfg = Release|Win32
		{DF62AE62-62B9-44FB-ABCF-AC722712D17E}.Release|Win32.Build.0 = Release|Win32
		{BE7A2F11-3BE0-4DFE-8AF0-38C0D5E7DF9C}.Debug|Win32.ActiveCfg = Debug|Win32
		{BE7A2F11-3BE0-4DFE-8AF0-38C0D5E7DF9C}.Debug|Win32.Build.0 = Debug|Win32
		{BE7A2F11-3BE0-4DFE-8AF0-38C0D5E7DF9C}.Release|Win32.ActiveCfg = Release|Win32
		{BE7A2F11-3BE0-4DFE-8AF0-38C0D5E7DF9C}.Release|Win32.Build.0 = Release|Win32
		{BE763C3D-CF57-45D5-B498-AA7446E1CB1D}.Debug|Win32.ActiveCfg = Debug|Win32
		{BE763C3D-CF57-45D5-B498-AA7446E1CB1D}.Debug|Win32.Build.0 = Debug|Win32
		{BE763C3D-CF57-45D5-B498-AA7446E1CB1D}.Release|Win32.ActiveCfg = Release|Win32
		{BE763C3D-CF57-45D5-B498-AA7446E1CB1D}.Release|Win32.Build.0 = Release|Win32
		{C7762094-470B-4966-967C-BA133E6F87EC}.Debug|Win32.ActiveCfg = Debug|Win32
		{C7762094-470B-4966-967C-BA133E6F87EC}.Debug|Win32.Build.0 = Debug|Win32
		{C7762094-470B-4966-967C-BA133E6F87EC}.Release|Win32.ActiveCfg = Release|Win32
		{C7762094-470B-4966-967C-BA133E6F87EC}.Release|Win32.Build.0 = Release|Win32
		{766381D3-5293-4268-A263-755CDD5F8F15}.Debug|Win32.ActiveCfg = Debug|Win32
		{766381D3-5293-4268-A263-755CDD5F8F15}.Debug|Win32.Build.0 = Debug|Win32
		{766381D3-5293-4268-A263-755CDD5F8F15}.Release|Win32.ActiveCfg = Release|Win32
		{766381D3-5293-4268-A263-755CDD5F8F15}.Release|Win32.Build.0 = Release|Win32
		{204E39F3-B202-4596-9DA6-4D40CB44FD3D}.Debug|Win32.ActiveCfg = Debug|Win32
		{204E39F3-B202-4596-9DA6-4D40CB44FD3D}.Debug|Win32.Build.0 = Debug|Win32
		{204E39F3-B202-4596-9DA6-4D40CB44FD3D}.Release|Win32.ActiveCfg = Release|Win32
		{204E39F3-B202-4596-9DA6-4D40CB44FD3D}.Release|Win32.Build.0 = Release|Win32
		{B42AAF16-9897-4521-860B-CDDDC2CBBABD}.Debug|Win32.ActiveCfg = Debug|Win32
		{B42AAF16-9897-4521-860B-CDDDC2CBBABD}.Debug|Win32.Build.0 = Debug|Win32
		{B42AAF16-9897-4521-860B-CDDDC2CBBABD}.Release|Win32.ActiveCfg = Release|Win32
		{B42AAF16-9897-4521-860B-CDDDC2CBBABD}.Release|Win32.Build.0 = Release|Win32
	EndGlobalSection
	GlobalSection(SolutionProperties) = preSolution
		HideSolutionNode = FALSE
	EndGlobalSection
EndGlobal
